PODS:
  - Buglife (1.7.4)
  - IQKeyboardManagerSwift (4.0.11)
  - MBProgressHUD (1.0.0)
  - ReachabilitySwift (3)
  - Realm (2.9.0):
    - Realm/Headers (= 2.9.0)
  - Realm/Headers (2.9.0)
  - RealmSwift (2.9.0):
    - Realm (= 2.9.0)
  - SnapKit (3.2.0)

DEPENDENCIES:
  - Buglife (~> 1.6)
  - IQKeyboardManagerSwift (~> 4.0)
  - MBProgressHUD (~> 1.0)
  - ReachabilitySwift (~> 3.0)
  - RealmSwift (~> 2.9)
  - SnapKit (~> 3.2)

SPEC CHECKSUMS:
  Buglife: 91ddd56582bc74c0ffdeb56922f5be4d870ee343
  IQKeyboardManagerSwift: 10f0a6b8ea2904c8943c0e1a116c99f5b8ad83af
  MBProgressHUD: 4890f671c94e8a0f3cf959aa731e9de2f036d71a
  ReachabilitySwift: f5b9bb30a0777fac8f09ce8b067e32faeb29bb64
  Realm: f14ab1673502559cb16592ddb8f383c474c13e05
  RealmSwift: 16ad2c187042c4934f49750375582fe508627dcb
  SnapKit: 1ca44df72cfa543218d177cb8aab029d10d86ea7

PODFILE CHECKSUM: 5b77817867fd820f1197aa2205acf6d101b65b13

COCOAPODS: 1.2.0.beta.1
